
Microsoft Visual Studio Solution File, Format Version 12.00
# Visual Studio 14
VisualStudioVersion = 14.0.25123.0
MinimumVisualStudioVersion = 10.0.40219.1
Project("{FAE04EC0-301F-11D3-BF4B-00C04F79EFBC}") = "MathAnalyser", "MathAnalyser\MathAnalyser.csproj", "{5A84F80F-6591-4C4C-AD07-714020B2DF6D}"
EndProject
Project("{FAE04EC0-301F-11D3-BF4B-00C04F79EFBC}") = "BL", "BL\BL.csproj", "{A3B85004-A84A-4B20-B2D8-227B5A3FB769}"
EndProject
Global
	GlobalSection(SolutionConfigurationPlatforms) = preSolution
		Debug|Any CPU = Debug|Any CPU
		Release|Any CPU = Release|Any CPU
	EndGlobalSection
	GlobalSection(ProjectConfigurationPlatforms) = postSolution
		{5A84F80F-6591-4C4C-AD07-714020B2DF6D}.Debug|Any CPU.ActiveCfg = Debug|Any CPU
		{5A84F80F-6591-4C4C-AD07-714020B2DF6D}.Debug|Any CPU.Build.0 = Debug|Any CPU
		{5A84F80F-6591-4C4C-AD07-714020B2DF6D}.Release|Any CPU.ActiveCfg = Release|Any CPU
		{5A84F80F-6591-4C4C-AD07-714020B2DF6D}.Release|Any CPU.Build.0 = Release|Any CPU
		{A3B85004-A84A-4B20-B2D8-227B5A3FB769}.Debug|Any CPU.ActiveCfg = Debug|Any CPU
		{A3B85004-A84A-4B20-B2D8-227B5A3FB769}.Debug|Any CPU.Build.0 = Debug|Any CPU
		{A3B85004-A84A-4B20-B2D8-227B5A3FB769}.Release|Any CPU.ActiveCfg = Release|Any CPU
		{A3B85004-A84A-4B20-B2D8-227B5A3FB769}.Release|Any CPU.Build.0 = Release|Any CPU
	EndGlobalSection
	GlobalSection(SolutionProperties) = preSolution
		HideSolutionNode = FALSE
	EndGlobalSection
EndGlobal
